
Microsoft Visual Studio Solution File, Format Version 12.00
# Visual Studio Version 17
VisualStudioVersion = 17.0.32112.339
MinimumVisualStudioVersion = 10.0.40219.1
Project("{9A19103F-16F7-4668-BE54-9A1E7A4F7556}") = "p-designer-api", "p-designer-api.csproj", "{1FFF6F47-DEA9-473A-A4D9-8D2CE7ECBDF0}"
EndProject
Global
	GlobalSection(SolutionConfigurationPlatforms) = preSolution
		Debug|Any CPU = Debug|Any CPU
		Release|Any CPU = Release|Any CPU
	EndGlobalSection
	GlobalSection(ProjectConfigurationPlatforms) = postSolution
		{1FFF6F47-DEA9-473A-A4D9-8D2CE7ECBDF0}.Debug|Any CPU.ActiveCfg = Debug|Any CPU
		{1FFF6F47-DEA9-473A-A4D9-8D2CE7ECBDF0}.Debug|Any CPU.Build.0 = Debug|Any CPU
		{1FFF6F47-DEA9-473A-A4D9-8D2CE7ECBDF0}.Release|Any CPU.ActiveCfg = Release|Any CPU
		{1FFF6F47-DEA9-473A-A4D9-8D2CE7ECBDF0}.Release|Any CPU.Build.0 = Release|Any CPU
	EndGlobalSection
	GlobalSection(SolutionProperties) = preSolution
		HideSolutionNode = FALSE
	EndGlobalSection
	GlobalSection(ExtensibilityGlobals) = postSolution
		SolutionGuid = {7E729C29-D322-4A4A-979F-275FC2D9685E}
	EndGlobalSection
EndGlobal
